// !$*UTF8*$!
{
	archiveVersion = 1;
	classes = {
	};
	objectVersion = 48;
	objects = {

/* Begin PBXBuildFile section */
		E50A8B911F756C6C000BFC35 /* AppDelegate.swift in Sources */ = {isa = PBXBuildFile; fileRef = E50A8B901F756C6C000BFC35 /* AppDelegate.swift */; };
		E50A8B931F756C6C000BFC35 /* CalculatorViewController.swift in Sources */ = {isa = PBXBuildFile; fileRef = E50A8B921F756C6C000BFC35 /* CalculatorViewController.swift */; };
		E50A8B961F756C6C000BFC35 /* Main.storyboard in Resources */ = {isa = PBXBuildFile; fileRef = E50A8B941F756C6C000BFC35 /* Main.storyboard */; };
		E50A8B981F756C6C000BFC35 /* Assets.xcassets in Resources */ = {isa = PBXBuildFile; fileRef = E50A8B971F756C6C000BFC35 /* Assets.xcassets */; };
		E50A8B9B1F756C6C000BFC35 /* LaunchScreen.storyboard in Resources */ = {isa = PBXBuildFile; fileRef = E50A8B991F756C6C000BFC35 /* LaunchScreen.storyboard */; };
		E50A8BA41F756D1B000BFC35 /* CalculatorBrain.swift in Sources */ = {isa = PBXBuildFile; fileRef = E50A8BA31F756D1B000BFC35 /* CalculatorBrain.swift */; };
		E51776121F86B47500F074F2 /* AxesDrawer.swift in Sources */ = {isa = PBXBuildFile; fileRef = E51776111F86B47500F074F2 /* AxesDrawer.swift */; };
		E51776141F86B98000F074F2 /* GraphView.swift in Sources */ = {isa = PBXBuildFile; fileRef = E51776131F86B98000F074F2 /* GraphView.swift */; };
		E51D046B1F90BCFF009C76DA /* GraphViewController.swift in Sources */ = {isa = PBXBuildFile; fileRef = E51D046A1F90BCFF009C76DA /* GraphViewController.swift */; };
/* End PBXBuildFile section */

/* Begin PBXFileReference section */
		E50A8B8D1F756C6C000BFC35 /* Calculator.app */ = {isa = PBXFileReference; explicitFileType = wrapper.application; includeInIndex = 0; path = Calculator.app; sourceTree = BUILT_PRODUCTS_DIR; };
		E50A8B901F756C6C000BFC35 /* AppDelegate.swift */ = {isa = PBXFileReference; lastKnownFileType = sourcecode.swift; path = AppDelegate.swift; sourceTree = "<group>"; };
		E50A8B921F756C6C000BFC35 /* CalculatorViewController.swift */ = {isa = PBXFileReference; lastKnownFileType = sourcecode.swift; path = CalculatorViewController.swift; sourceTree = "<group>"; };
		E50A8B951F756C6C000BFC35 /* Base */ = {isa = PBXFileReference; lastKnownFileType = file.storyboard; name = Base; path = Base.lproj/Main.storyboard; sourceTree = "<group>"; };
		E50A8B971F756C6C000BFC35 /* Assets.xcassets */ = {isa = PBXFileReference; lastKnownFileType = folder.assetcatalog; path = Assets.xcassets; sourceTree = "<group>"; };
		E50A8B9A1F756C6C000BFC35 /* Base */ = {isa = PBXFileReference; lastKnownFileType = file.storyboard; name = Base; path = Base.lproj/LaunchScreen.storyboard; sourceTree = "<group>"; };
		E50A8B9C1F756C6C000BFC35 /* Info.plist */ = {isa = PBXFileReference; lastKnownFileType = text.plist.xml; path = Info.plist; sourceTree = "<group>"; };
		E50A8BA31F756D1B000BFC35 /* CalculatorBrain.swift */ = {isa = PBXFileReference; lastKnownFileType = sourcecode.swift; path = CalculatorBrain.swift; sourceTree = "<group>"; };
		E51776111F86B47500F074F2 /* AxesDrawer.swift */ = {isa = PBXFileReference; lastKnownFileType = sourcecode.swift; path = AxesDrawer.swift; sourceTree = "<group>"; };
		E51776131F86B98000F074F2 /* GraphView.swift */ = {isa = PBXFileReference; lastKnownFileType = sourcecode.swift; path = GraphView.swift; sourceTree = "<group>"; };
		E51D046A1F90BCFF009C76DA /* GraphViewController.swift */ = {isa = PBXFileReference; lastKnownFileType = sourcecode.swift; path = GraphViewController.swift; sourceTree = "<group>"; };
/* End PBXFileReference section */

/* Begin PBXFrameworksBuildPhase section */
		E50A8B8A1F756C6C000BFC35 /* Frameworks */ = {
			isa = PBXFrameworksBuildPhase;
			buildActionMask = 2147483647;
			files = (
			);
			runOnlyForDeploymentPostprocessing = 0;
		};
/* End PBXFrameworksBuildPhase section */

/* Begin PBXGroup section */
		E50A8B841F756C6C000BFC35 = {
			isa = PBXGroup;
			children = (
				E50A8B8F1F756C6C000BFC35 /* Calculator */,
				E50A8B8E1F756C6C000BFC35 /* Products */,
			);
			sourceTree = "<group>";
		};
		E50A8B8E1F756C6C000BFC35 /* Products */ = {
			isa = PBXGroup;
			children = (
				E50A8B8D1F756C6C000BFC35 /* Calculator.app */,
			);
			name = Products;
			sourceTree = "<group>";
		};
		E50A8B8F1F756C6C000BFC35 /* Calculator */ = {
			isa = PBXGroup;
			children = (
				E50A8B921F756C6C000BFC35 /* CalculatorViewController.swift */,
				E50A8BA31F756D1B000BFC35 /* CalculatorBrain.swift */,
				E51776111F86B47500F074F2 /* AxesDrawer.swift */,
				E51776131F86B98000F074F2 /* GraphView.swift */,
				E51D046A1F90BCFF009C76DA /* GraphViewController.swift */,
				E50A8B941F756C6C000BFC35 /* Main.storyboard */,
				E50A8BA91F7576B5000BFC35 /* Supporting Files */,
			);
			path = Calculator;
			sourceTree = "<group>";
		};
		E50A8BA91F7576B5000BFC35 /* Supporting Files */ = {
			isa = PBXGroup;
			children = (
				E50A8B9C1F756C6C000BFC35 /* Info.plist */,
				E50A8B901F756C6C000BFC35 /* AppDelegate.swift */,
				E50A8B971F756C6C000BFC35 /* Assets.xcassets */,
				E50A8B991F756C6C000BFC35 /* LaunchScreen.storyboard */,
			);
			name = "Supporting Files";
			sourceTree = "<group>";
		};
/* End PBXGroup section */

/* Begin PBXNativeTarget section */
		E50A8B8C1F756C6C000BFC35 /* Calculator */ = {
			isa = PBXNativeTarget;
			buildConfigurationList = E50A8B9F1F756C6C000BFC35 /* Build configuration list for PBXNativeTarget "Calculator" */;
			buildPhases = (
				E50A8B891F756C6C000BFC35 /* Sources */,
				E50A8B8A1F756C6C000BFC35 /* Frameworks */,
				E50A8B8B1F756C6C000BFC35 /* Resources */,
			);
			buildRules = (
			);
			dependencies = (
			);
			name = Calculator;
			productName = Calculator;
			productReference = E50A8B8D1F756C6C000BFC35 /* Calculator.app */;
			productType = "com.apple.product-type.application";
		};
/* End PBXNativeTarget section */

/* Begin PBXProject section */
		E50A8B851F756C6C000BFC35 /* Project object */ = {
			isa = PBXProject;
			attributes = {
				LastSwiftUpdateCheck = 0900;
				LastUpgradeCheck = 0900;
				ORGANIZATIONNAME = fabfer_dev;
				TargetAttributes = {
					E50A8B8C1F756C6C000BFC35 = {
						CreatedOnToolsVersion = 9.0;
						ProvisioningStyle = Automatic;
					};
				};
			};
			buildConfigurationList = E50A8B881F756C6C000BFC35 /* Build configuration list for PBXProject "Calculator" */;
			compatibilityVersion = "Xcode 8.0";
			developmentRegion = en;
			hasScannedForEncodings = 0;
			knownRegions = (
				en,
				Base,
			);
			mainGroup = E50A8B841F756C6C000BFC35;
			productRefGroup = E50A8B8E1F756C6C000BFC35 /* Products */;
			projectDirPath = "";
			projectRoot = "";
			targets = (
				E50A8B8C1F756C6C000BFC35 /* Calculator */,
			);
		};
/* End PBXProject section */

/* Begin PBXResourcesBuildPhase section */
		E50A8B8B1F756C6C000BFC35 /* Resources */ = {
			isa = PBXResourcesBuildPhase;
			buildActionMask = 2147483647;
			files = (
				E50A8B9B1F756C6C000BFC35 /* LaunchScreen.storyboard in Resources */,
				E50A8B981F756C6C000BFC35 /* Assets.xcassets in Resources */,
				E50A8B961F756C6C000BFC35 /* Main.storyboard in Resources */,
			);
			runOnlyForDeploymentPostprocessing = 0;
		};
/* End PBXResourcesBuildPhase section */

/* Begin PBXSourcesBuildPhase section */
		E50A8B891F756C6C000BFC35 /* Sources */ = {
			isa = PBXSourcesBuildPhase;
			buildActionMask = 2147483647;
			files = (
				E51776141F86B98000F074F2 /* GraphView.swift in Sources */,
				E50A8BA41F756D1B000BFC35 /* CalculatorBrain.swift in Sources */,
				E51776121F86B47500F074F2 /* AxesDrawer.swift in Sources */,
				E51D046B1F90BCFF009C76DA /* GraphViewController.swift in Sources */,
				E50A8B931F756C6C000BFC35 /* CalculatorViewController.swift in Sources */,
				E50A8B911F756C6C000BFC35 /* AppDelegate.swift in Sources */,
			);
			runOnlyForDeploymentPostprocessing = 0;
		};
/* End PBXSourcesBuildPhase section */

/* Begin PBXVariantGroup section */
		E50A8B941F756C6C000BFC35 /* Main.storyboard */ = {
			isa = PBXVariantGroup;
			children = (
				E50A8B951F756C6C000BFC35 /* Base */,
			);
			name = Main.storyboard;
			sourceTree = "<group>";
		};
		E50A8B991F756C6C000BFC35 /* LaunchScreen.storyboard */ = {
			isa = PBXVariantGroup;
			children = (
				E50A8B9A1F756C6C000BFC35 /* Base */,
			);
			name = LaunchScreen.storyboard;
			sourceTree = "<group>";
		};
/* End PBXVariantGroup section */

/* Begin XCBuildConfiguration section */
		E50A8B9D1F756C6C000BFC35 /* Debug */ = {
			isa = XCBuildConfiguration;
			buildSettings = {
				ALWAYS_SEARCH_USER_PATHS = NO;
				CLANG_ANALYZER_NONNULL = YES;
				CLANG_ANALYZER_NUMBER_OBJECT_CONVERSION = YES_AGGRESSIVE;
				CLANG_CXX_LANGUAGE_STANDARD = "gnu++14";
				CLANG_CXX_LIBRARY = "libc++";
				CLANG_ENABLE_MODULES = YES;
				CLANG_ENABLE_OBJC_ARC = YES;
				CLANG_WARN_BLOCK_CAPTURE_AUTORELEASING = YES;
				CLANG_WARN_BOOL_CONVERSION = YES;
				CLANG_WARN_COMMA = YES;
				CLANG_WARN_CONSTANT_CONVERSION = YES;
				CLANG_WARN_DIRECT_OBJC_ISA_USAGE = YES_ERROR;
				CLANG_WARN_DOCUMENTATION_COMMENTS = YES;
				CLANG_WARN_EMPTY_BODY = YES;
				CLANG_WARN_ENUM_CONVERSION = YES;
				CLANG_WARN_INFINITE_RECURSION = YES;
				CLANG_WARN_INT_CONVERSION = YES;
				CLANG_WARN_NON_LITERAL_NULL_CONVERSION = YES;
				CLANG_WARN_OBJC_LITERAL_CONVERSION = YES;
				CLANG_WARN_OBJC_ROOT_CLASS = YES_ERROR;
				CLANG_WARN_RANGE_LOOP_ANALYSIS = YES;
				CLANG_WARN_STRICT_PROTOTYPES = YES;
				CLANG_WARN_SUSPICIOUS_MOVE = YES;
				CLANG_WARN_UNGUARDED_AVAILABILITY = YES_AGGRESSIVE;
				CLANG_WARN_UNREACHABLE_CODE = YES;
				CLANG_WARN__DUPLICATE_METHOD_MATCH = YES;
				CODE_SIGN_IDENTITY = "iPhone Developer";
				COPY_PHASE_STRIP = NO;
				DEBUG_INFORMATION_FORMAT = dwarf;
				ENABLE_STRICT_OBJC_MSGSEND = YES;
				ENABLE_TESTABILITY = YES;
				GCC_C_LANGUAGE_STANDARD = gnu11;
				GCC_DYNAMIC_NO_PIC = NO;
				GCC_NO_COMMON_BLOCKS = YES;
				GCC_OPTIMIZATION_LEVEL = 0;
				GCC_PREPROCESSOR_DEFINITIONS = (
					"DEBUG=1",
					"$(inherited)",
				);
				GCC_WARN_64_TO_32_BIT_CONVERSION = YES;
				GCC_WARN_ABOUT_RETURN_TYPE = YES_ERROR;
				GCC_WARN_UNDECLARED_SELECTOR = YES;
				GCC_WARN_UNINITIALIZED_AUTOS = YES_AGGRESSIVE;
				GCC_WARN_UNUSED_FUNCTION = YES;
				GCC_WARN_UNUSED_VARIABLE = YES;
				IPHONEOS_DEPLOYMENT_TARGET = 11.0;
				MTL_ENABLE_DEBUG_INFO = YES;
				ONLY_ACTIVE_ARCH = YES;
				SDKROOT = iphoneos;
				SWIFT_ACTIVE_COMPILATION_CONDITIONS = DEBUG;
				SWIFT_OPTIMIZATION_LEVEL = "-Onone";
			};
			name = Debug;
		};
		E50A8B9E1F756C6C000BFC35 /* Release */ = {
			isa = XCBuildConfiguration;
			buildSettings = {
				ALWAYS_SEARCH_USER_PATHS = NO;
				CLANG_ANALYZER_NONNULL = YES;
				CLANG_ANALYZER_NUMBER_OBJECT_CONVERSION = YES_AGGRESSIVE;
				CLANG_CXX_LANGUAGE_STANDARD = "gnu++14";
				CLANG_CXX_LIBRARY = "libc++";
				CLANG_ENABLE_MODULES = YES;
				CLANG_ENABLE_OBJC_ARC = YES;
				CLANG_WARN_BLOCK_CAPTURE_AUTORELEASING = YES;
				CLANG_WARN_BOOL_CONVERSION = YES;
				CLANG_WARN_COMMA = YES;
				CLANG_WARN_CONSTANT_CONVERSION = YES;
				CLANG_WARN_DIRECT_OBJC_ISA_USAGE = YES_ERROR;
				CLANG_WARN_DOCUMENTATION_COMMENTS = YES;
				CLANG_WARN_EMPTY_BODY = YES;
				CLANG_WARN_ENUM_CONVERSION = YES;
				CLANG_WARN_INFINITE_RECURSION = YES;
				CLANG_WARN_INT_CONVERSION = YES;
				CLANG_WARN_NON_LITERAL_NULL_CONVERSION = YES;
				CLANG_WARN_OBJC_LITERAL_CONVERSION = YES;
				CLANG_WARN_OBJC_ROOT_CLASS = YES_ERROR;
				CLANG_WARN_RANGE_LOOP_ANALYSIS = YES;
				CLANG_WARN_STRICT_PROTOTYPES = YES;
				CLANG_WARN_SUSPICIOUS_MOVE = YES;
				CLANG_WARN_UNGUARDED_AVAILABILITY = YES_AGGRESSIVE;
				CLANG_WARN_UNREACHABLE_CODE = YES;
				CLANG_WARN__DUPLICATE_METHOD_MATCH = YES;
				CODE_SIGN_IDENTITY = "iPhone Developer";
				COPY_PHASE_STRIP = NO;
				DEBUG_INFORMATION_FORMAT = "dwarf-with-dsym";
				ENABLE_NS_ASSERTIONS = NO;
				ENABLE_STRICT_OBJC_MSGSEND = YES;
				GCC_C_LANGUAGE_STANDARD = gnu11;
				GCC_NO_COMMON_BLOCKS = YES;
				GCC_WARN_64_TO_32_BIT_CONVERSION = YES;
				GCC_WARN_ABOUT_RETURN_TYPE = YES_ERROR;
				GCC_WARN_UNDECLARED_SELECTOR = YES;
				GCC_WARN_UNINITIALIZED_AUTOS = YES_AGGRESSIVE;
				GCC_WARN_UNUSED_FUNCTION = YES;
				GCC_WARN_UNUSED_VARIABLE = YES;
				IPHONEOS_DEPLOYMENT_TARGET = 11.0;
				MTL_ENABLE_DEBUG_INFO = NO;
				SDKROOT = iphoneos;
				SWIFT_OPTIMIZATION_LEVEL = "-Owholemodule";
				VALIDATE_PRODUCT = YES;
			};
			name = Release;
		};
		E50A8BA01F756C6C000BFC35 /* Debug */ = {
			isa = XCBuildConfiguration;
			buildSettings = {
				ASSETCATALOG_COMPILER_APPICON_NAME = AppIcon;
				CODE_SIGN_STYLE = Automatic;
				DEVELOPMENT_TEAM = R2K55BVQV8;
				INFOPLIST_FILE = Calculator/Info.plist;
				LD_RUNPATH_SEARCH_PATHS = "$(inherited) @executable_path/Frameworks";
				PRODUCT_BUNDLE_IDENTIFIER = dev.fabfer.Calculator;
				PRODUCT_NAME = "$(TARGET_NAME)";
				SWIFT_VERSION = 4.0;
				TARGETED_DEVICE_FAMILY = "1,2";
			};
			name = Debug;
		};
		E50A8BA11F756C6C000BFC35 /* Release */ = {
			isa = XCBuildConfiguration;
			buildSettings = {
				ASSETCATALOG_COMPILER_APPICON_NAME = AppIcon;
				CODE_SIGN_STYLE = Automatic;
				DEVELOPMENT_TEAM = R2K55BVQV8;
				INFOPLIST_FILE = Calculator/Info.plist;
				LD_RUNPATH_SEARCH_PATHS = "$(inherited) @executable_path/Frameworks";
				PRODUCT_BUNDLE_IDENTIFIER = dev.fabfer.Calculator;
				PRODUCT_NAME = "$(TARGET_NAME)";
				SWIFT_VERSION = 4.0;
				TARGETED_DEVICE_FAMILY = "1,2";
			};
			name = Release;
		};
/* End XCBuildConfiguration section */

/* Begin XCConfigurationList section */
		E50A8B881F756C6C000BFC35 /* Build configuration list for PBXProject "Calculator" */ = {
			isa = XCConfigurationList;
			buildConfigurations = (
				E50A8B9D1F756C6C000BFC35 /* Debug */,
				E50A8B9E1F756C6C000BFC35 /* Release */,
			);
			defaultConfigurationIsVisible = 0;
			defaultConfigurationName = Release;
		};
		E50A8B9F1F756C6C000BFC35 /* Build configuration list for PBXNativeTarget "Calculator" */ = {
			isa = XCConfigurationList;
			buildConfigurations = (
				E50A8BA01F756C6C000BFC35 /* Debug */,
				E50A8BA11F756C6C000BFC35 /* Release */,
			);
			defaultConfigurationIsVisible = 0;
			defaultConfigurationName = Release;
		};
/* End XCConfigurationList section */
	};
	rootObject = E50A8B851F756C6C000BFC35 /* Project object */;
}
